
Microsoft Visual Studio Solution File, Format Version 12.00
# Visual Studio Version 16
VisualStudioVersion = 16.0.30309.148
MinimumVisualStudioVersion = 10.0.40219.1
Project("{888888A0-9F3D-457C-B088-3A5042F75D52}") = "SeniorProjParsePython", "SeniorProjParsePython\SeniorProjParsePython.pyproj", "{8AB0A56B-9D1B-41A0-A6FA-6D666B425DBB}"
EndProject
Global
	GlobalSection(SolutionConfigurationPlatforms) = preSolution
		Debug|Any CPU = Debug|Any CPU
		Release|Any CPU = Release|Any CPU
	EndGlobalSection
	GlobalSection(ProjectConfigurationPlatforms) = postSolution
		{8AB0A56B-9D1B-41A0-A6FA-6D666B425DBB}.Debug|Any CPU.ActiveCfg = Debug|Any CPU
		{8AB0A56B-9D1B-41A0-A6FA-6D666B425DBB}.Release|Any CPU.ActiveCfg = Release|Any CPU
	EndGlobalSection
	GlobalSection(SolutionProperties) = preSolution
		HideSolutionNode = FALSE
	EndGlobalSection
	GlobalSection(ExtensibilityGlobals) = postSolution
		SolutionGuid = {294A30A8-9C16-4A30-8139-74AF3FA8C9F8}
	EndGlobalSection
EndGlobal
